// !$*UTF8*$!
{
	archiveVersion = 1;
	classes = {
	};
	objectVersion = 56;
	objects = {

/* Begin PBXBuildFile section */
		4FBE0ECD2AF73F3600A7A41A /* Dates.swift in Sources */ = {isa = PBXBuildFile; fileRef = 4FBE0ECC2AF73F3600A7A41A /* Dates.swift */; };
		4FBE0ED02AF74ECD00A7A41A /* GetIcons.swift in Sources */ = {isa = PBXBuildFile; fileRef = 4FBE0ECF2AF74ECD00A7A41A /* GetIcons.swift */; };
		4FBE0ED32AF74F6700A7A41A /* WeatherDataManager.swift in Sources */ = {isa = PBXBuildFile; fileRef = 4FBE0ED22AF74F6700A7A41A /* WeatherDataManager.swift */; };
		4FDC7FAD2AF6B37300A914CE /* cuteWeatherApp.swift in Sources */ = {isa = PBXBuildFile; fileRef = 4FDC7FAC2AF6B37300A914CE /* cuteWeatherApp.swift */; };
		4FDC7FAF2AF6B37300A914CE /* ContentView.swift in Sources */ = {isa = PBXBuildFile; fileRef = 4FDC7FAE2AF6B37300A914CE /* ContentView.swift */; };
		4FDC7FB12AF6B37400A914CE /* Assets.xcassets in Resources */ = {isa = PBXBuildFile; fileRef = 4FDC7FB02AF6B37400A914CE /* Assets.xcassets */; };
		4FDC7FB42AF6B37400A914CE /* Preview Assets.xcassets in Resources */ = {isa = PBXBuildFile; fileRef = 4FDC7FB32AF6B37400A914CE /* Preview Assets.xcassets */; };
		4FDC7FBE2AF6B37400A914CE /* cuteWeatherTests.swift in Sources */ = {isa = PBXBuildFile; fileRef = 4FDC7FBD2AF6B37400A914CE /* cuteWeatherTests.swift */; };
		4FDC7FC82AF6B37400A914CE /* cuteWeatherUITests.swift in Sources */ = {isa = PBXBuildFile; fileRef = 4FDC7FC72AF6B37400A914CE /* cuteWeatherUITests.swift */; };
		4FDC7FCA2AF6B37400A914CE /* cuteWeatherUITestsLaunchTests.swift in Sources */ = {isa = PBXBuildFile; fileRef = 4FDC7FC92AF6B37400A914CE /* cuteWeatherUITestsLaunchTests.swift */; };
		4FDC7FD92AF6B42100A914CE /* helpers.swift in Sources */ = {isa = PBXBuildFile; fileRef = 4FDC7FD82AF6B42100A914CE /* helpers.swift */; };
		4FDC7FDB2AF6B6D300A914CE /* model-b.swift in Sources */ = {isa = PBXBuildFile; fileRef = 4FDC7FDA2AF6B6D300A914CE /* model-b.swift */; };
		4FDC7FDD2AF6B93600A914CE /* WeatherModel.swift in Sources */ = {isa = PBXBuildFile; fileRef = 4FDC7FDC2AF6B93600A914CE /* WeatherModel.swift */; };
		4FDC7FE12AF6BA3500A914CE /* ErrorModel.swift in Sources */ = {isa = PBXBuildFile; fileRef = 4FDC7FE02AF6BA3500A914CE /* ErrorModel.swift */; };
		4FDC7FE42AF6BABA00A914CE /* WeatherService.swift in Sources */ = {isa = PBXBuildFile; fileRef = 4FDC7FE32AF6BABA00A914CE /* WeatherService.swift */; };
		4FDC7FE92AF7236300A914CE /* HandleLocation.swift in Sources */ = {isa = PBXBuildFile; fileRef = 4FDC7FE82AF7236300A914CE /* HandleLocation.swift */; };
/* End PBXBuildFile section */

/* Begin PBXContainerItemProxy section */
		4FDC7FBA2AF6B37400A914CE /* PBXContainerItemProxy */ = {
			isa = PBXContainerItemProxy;
			containerPortal = 4FDC7FA12AF6B37300A914CE /* Project object */;
			proxyType = 1;
			remoteGlobalIDString = 4FDC7FA82AF6B37300A914CE;
			remoteInfo = cuteWeather;
		};
		4FDC7FC42AF6B37400A914CE /* PBXContainerItemProxy */ = {
			isa = PBXContainerItemProxy;
			containerPortal = 4FDC7FA12AF6B37300A914CE /* Project object */;
			proxyType = 1;
			remoteGlobalIDString = 4FDC7FA82AF6B37300A914CE;
			remoteInfo = cuteWeather;
		};
/* End PBXContainerItemProxy section */

/* Begin PBXFileReference section */
		4FA3CE4E2AF72CA1007B133B /* Info.plist */ = {isa = PBXFileReference; lastKnownFileType = text.plist; path = Info.plist; sourceTree = "<group>"; };
		4FBE0ECC2AF73F3600A7A41A /* Dates.swift */ = {isa = PBXFileReference; lastKnownFileType = sourcecode.swift; path = Dates.swift; sourceTree = "<group>"; };
		4FBE0ECF2AF74ECD00A7A41A /* GetIcons.swift */ = {isa = PBXFileReference; lastKnownFileType = sourcecode.swift; path = GetIcons.swift; sourceTree = "<group>"; };
		4FBE0ED22AF74F6700A7A41A /* WeatherDataManager.swift */ = {isa = PBXFileReference; lastKnownFileType = sourcecode.swift; path = WeatherDataManager.swift; sourceTree = "<group>"; };
		4FDC7FA92AF6B37300A914CE /* cuteWeather.app */ = {isa = PBXFileReference; explicitFileType = wrapper.application; includeInIndex = 0; path = cuteWeather.app; sourceTree = BUILT_PRODUCTS_DIR; };
		4FDC7FAC2AF6B37300A914CE /* cuteWeatherApp.swift */ = {isa = PBXFileReference; lastKnownFileType = sourcecode.swift; path = cuteWeatherApp.swift; sourceTree = "<group>"; };
		4FDC7FAE2AF6B37300A914CE /* ContentView.swift */ = {isa = PBXFileReference; lastKnownFileType = sourcecode.swift; path = ContentView.swift; sourceTree = "<group>"; };
		4FDC7FB02AF6B37400A914CE /* Assets.xcassets */ = {isa = PBXFileReference; lastKnownFileType = folder.assetcatalog; path = Assets.xcassets; sourceTree = "<group>"; };
		4FDC7FB32AF6B37400A914CE /* Preview Assets.xcassets */ = {isa = PBXFileReference; lastKnownFileType = folder.assetcatalog; path = "Preview Assets.xcassets"; sourceTree = "<group>"; };
		4FDC7FB92AF6B37400A914CE /* cuteWeatherTests.xctest */ = {isa = PBXFileReference; explicitFileType = wrapper.cfbundle; includeInIndex = 0; path = cuteWeatherTests.xctest; sourceTree = BUILT_PRODUCTS_DIR; };
		4FDC7FBD2AF6B37400A914CE /* cuteWeatherTests.swift */ = {isa = PBXFileReference; lastKnownFileType = sourcecode.swift; path = cuteWeatherTests.swift; sourceTree = "<group>"; };
		4FDC7FC32AF6B37400A914CE /* cuteWeatherUITests.xctest */ = {isa = PBXFileReference; explicitFileType = wrapper.cfbundle; includeInIndex = 0; path = cuteWeatherUITests.xctest; sourceTree = BUILT_PRODUCTS_DIR; };
		4FDC7FC72AF6B37400A914CE /* cuteWeatherUITests.swift */ = {isa = PBXFileReference; lastKnownFileType = sourcecode.swift; path = cuteWeatherUITests.swift; sourceTree = "<group>"; };
		4FDC7FC92AF6B37400A914CE /* cuteWeatherUITestsLaunchTests.swift */ = {isa = PBXFileReference; lastKnownFileType = sourcecode.swift; path = cuteWeatherUITestsLaunchTests.swift; sourceTree = "<group>"; };
		4FDC7FD82AF6B42100A914CE /* helpers.swift */ = {isa = PBXFileReference; lastKnownFileType = sourcecode.swift; path = helpers.swift; sourceTree = "<group>"; };
		4FDC7FDA2AF6B6D300A914CE /* model-b.swift */ = {isa = PBXFileReference; lastKnownFileType = sourcecode.swift; path = "model-b.swift"; sourceTree = "<group>"; };
		4FDC7FDC2AF6B93600A914CE /* WeatherModel.swift */ = {isa = PBXFileReference; lastKnownFileType = sourcecode.swift; path = WeatherModel.swift; sourceTree = "<group>"; };
		4FDC7FE02AF6BA3500A914CE /* ErrorModel.swift */ = {isa = PBXFileReference; lastKnownFileType = sourcecode.swift; path = ErrorModel.swift; sourceTree = "<group>"; };
		4FDC7FE32AF6BABA00A914CE /* WeatherService.swift */ = {isa = PBXFileReference; lastKnownFileType = sourcecode.swift; path = WeatherService.swift; sourceTree = "<group>"; };
		4FDC7FE82AF7236300A914CE /* HandleLocation.swift */ = {isa = PBXFileReference; lastKnownFileType = sourcecode.swift; path = HandleLocation.swift; sourceTree = "<group>"; };
		4FDC7FEA2AF72AAA00A914CE /* cuteWeather.xctestplan */ = {isa = PBXFileReference; lastKnownFileType = text; path = cuteWeather.xctestplan; sourceTree = "<group>"; };
/* End PBXFileReference section */

/* Begin PBXFrameworksBuildPhase section */
		4FDC7FA62AF6B37300A914CE /* Frameworks */ = {
			isa = PBXFrameworksBuildPhase;
			buildActionMask = 2147483647;
			files = (
			);
			runOnlyForDeploymentPostprocessing = 0;
		};
		4FDC7FB62AF6B37400A914CE /* Frameworks */ = {
			isa = PBXFrameworksBuildPhase;
			buildActionMask = 2147483647;
			files = (
			);
			runOnlyForDeploymentPostprocessing = 0;
		};
		4FDC7FC02AF6B37400A914CE /* Frameworks */ = {
			isa = PBXFrameworksBuildPhase;
			buildActionMask = 2147483647;
			files = (
			);
			runOnlyForDeploymentPostprocessing = 0;
		};
/* End PBXFrameworksBuildPhase section */

/* Begin PBXGroup section */
		4FBE0ECB2AF73F1F00A7A41A /* DayData */ = {
			isa = PBXGroup;
			children = (
				4FBE0ECC2AF73F3600A7A41A /* Dates.swift */,
			);
			path = DayData;
			sourceTree = "<group>";
		};
		4FBE0ECE2AF74EBF00A7A41A /* Graphics */ = {
			isa = PBXGroup;
			children = (
				4FBE0ECF2AF74ECD00A7A41A /* GetIcons.swift */,
			);
			path = Graphics;
			sourceTree = "<group>";
		};
		4FBE0ED12AF74F5C00A7A41A /* WeatherData */ = {
			isa = PBXGroup;
			children = (
				4FBE0ED22AF74F6700A7A41A /* WeatherDataManager.swift */,
			);
			path = WeatherData;
			sourceTree = "<group>";
		};
		4FDC7FA02AF6B37300A914CE = {
			isa = PBXGroup;
			children = (
				4FDC7FEA2AF72AAA00A914CE /* cuteWeather.xctestplan */,
				4FDC7FAB2AF6B37300A914CE /* cuteWeather */,
				4FDC7FBC2AF6B37400A914CE /* cuteWeatherTests */,
				4FDC7FC62AF6B37400A914CE /* cuteWeatherUITests */,
				4FDC7FAA2AF6B37300A914CE /* Products */,
			);
			sourceTree = "<group>";
		};
		4FDC7FAA2AF6B37300A914CE /* Products */ = {
			isa = PBXGroup;
			children = (
				4FDC7FA92AF6B37300A914CE /* cuteWeather.app */,
				4FDC7FB92AF6B37400A914CE /* cuteWeatherTests.xctest */,
				4FDC7FC32AF6B37400A914CE /* cuteWeatherUITests.xctest */,
			);
			name = Products;
			sourceTree = "<group>";
		};
		4FDC7FAB2AF6B37300A914CE /* cuteWeather */ = {
			isa = PBXGroup;
			children = (
				4FBE0ED12AF74F5C00A7A41A /* WeatherData */,
				4FBE0ECE2AF74EBF00A7A41A /* Graphics */,
				4FBE0ECB2AF73F1F00A7A41A /* DayData */,
				4FA3CE4E2AF72CA1007B133B /* Info.plist */,
				4FDC7FE72AF7235600A914CE /* Location */,
				4FDC7FE22AF6BAAD00A914CE /* API */,
				4FDC7FDF2AF6BA1900A914CE /* Models */,
				4FDC7FAC2AF6B37300A914CE /* cuteWeatherApp.swift */,
				4FDC7FAE2AF6B37300A914CE /* ContentView.swift */,
				4FDC7FB02AF6B37400A914CE /* Assets.xcassets */,
				4FDC7FB22AF6B37400A914CE /* Preview Content */,
				4FDC7FD82AF6B42100A914CE /* helpers.swift */,
				4FDC7FDA2AF6B6D300A914CE /* model-b.swift */,
			);
			path = cuteWeather;
			sourceTree = "<group>";
		};
		4FDC7FB22AF6B37400A914CE /* Preview Content */ = {
			isa = PBXGroup;
			children = (
				4FDC7FB32AF6B37400A914CE /* Preview Assets.xcassets */,
			);
			path = "Preview Content";
			sourceTree = "<group>";
		};
		4FDC7FBC2AF6B37400A914CE /* cuteWeatherTests */ = {
			isa = PBXGroup;
			children = (
				4FDC7FBD2AF6B37400A914CE /* cuteWeatherTests.swift */,
			);
			path = cuteWeatherTests;
			sourceTree = "<group>";
		};
		4FDC7FC62AF6B37400A914CE /* cuteWeatherUITests */ = {
			isa = PBXGroup;
			children = (
				4FDC7FC72AF6B37400A914CE /* cuteWeatherUITests.swift */,
				4FDC7FC92AF6B37400A914CE /* cuteWeatherUITestsLaunchTests.swift */,
			);
			path = cuteWeatherUITests;
			sourceTree = "<group>";
		};
		4FDC7FDF2AF6BA1900A914CE /* Models */ = {
			isa = PBXGroup;
			children = (
				4FDC7FDC2AF6B93600A914CE /* WeatherModel.swift */,
				4FDC7FE02AF6BA3500A914CE /* ErrorModel.swift */,
			);
			path = Models;
			sourceTree = "<group>";
		};
		4FDC7FE22AF6BAAD00A914CE /* API */ = {
			isa = PBXGroup;
			children = (
				4FDC7FE32AF6BABA00A914CE /* WeatherService.swift */,
			);
			path = API;
			sourceTree = "<group>";
		};
		4FDC7FE72AF7235600A914CE /* Location */ = {
			isa = PBXGroup;
			children = (
				4FDC7FE82AF7236300A914CE /* HandleLocation.swift */,
			);
			path = Location;
			sourceTree = "<group>";
		};
/* End PBXGroup section */

/* Begin PBXNativeTarget section */
		4FDC7FA82AF6B37300A914CE /* cuteWeather */ = {
			isa = PBXNativeTarget;
			buildConfigurationList = 4FDC7FCD2AF6B37400A914CE /* Build configuration list for PBXNativeTarget "cuteWeather" */;
			buildPhases = (
				4FDC7FA52AF6B37300A914CE /* Sources */,
				4FDC7FA62AF6B37300A914CE /* Frameworks */,
				4FDC7FA72AF6B37300A914CE /* Resources */,
			);
			buildRules = (
			);
			dependencies = (
			);
			name = cuteWeather;
			productName = cuteWeather;
			productReference = 4FDC7FA92AF6B37300A914CE /* cuteWeather.app */;
			productType = "com.apple.product-type.application";
		};
		4FDC7FB82AF6B37400A914CE /* cuteWeatherTests */ = {
			isa = PBXNativeTarget;
			buildConfigurationList = 4FDC7FD02AF6B37400A914CE /* Build configuration list for PBXNativeTarget "cuteWeatherTests" */;
			buildPhases = (
				4FDC7FB52AF6B37400A914CE /* Sources */,
				4FDC7FB62AF6B37400A914CE /* Frameworks */,
				4FDC7FB72AF6B37400A914CE /* Resources */,
			);
			buildRules = (
			);
			dependencies = (
				4FDC7FBB2AF6B37400A914CE /* PBXTargetDependency */,
			);
			name = cuteWeatherTests;
			productName = cuteWeatherTests;
			productReference = 4FDC7FB92AF6B37400A914CE /* cuteWeatherTests.xctest */;
			productType = "com.apple.product-type.bundle.unit-test";
		};
		4FDC7FC22AF6B37400A914CE /* cuteWeatherUITests */ = {
			isa = PBXNativeTarget;
			buildConfigurationList = 4FDC7FD32AF6B37400A914CE /* Build configuration list for PBXNativeTarget "cuteWeatherUITests" */;
			buildPhases = (
				4FDC7FBF2AF6B37400A914CE /* Sources */,
				4FDC7FC02AF6B37400A914CE /* Frameworks */,
				4FDC7FC12AF6B37400A914CE /* Resources */,
			);
			buildRules = (
			);
			dependencies = (
				4FDC7FC52AF6B37400A914CE /* PBXTargetDependency */,
			);
			name = cuteWeatherUITests;
			productName = cuteWeatherUITests;
			productReference = 4FDC7FC32AF6B37400A914CE /* cuteWeatherUITests.xctest */;
			productType = "com.apple.product-type.bundle.ui-testing";
		};
/* End PBXNativeTarget section */

/* Begin PBXProject section */
		4FDC7FA12AF6B37300A914CE /* Project object */ = {
			isa = PBXProject;
			attributes = {
				BuildIndependentTargetsInParallel = 1;
				LastSwiftUpdateCheck = 1500;
				LastUpgradeCheck = 1500;
				TargetAttributes = {
					4FDC7FA82AF6B37300A914CE = {
						CreatedOnToolsVersion = 15.0.1;
					};
					4FDC7FB82AF6B37400A914CE = {
						CreatedOnToolsVersion = 15.0.1;
						TestTargetID = 4FDC7FA82AF6B37300A914CE;
					};
					4FDC7FC22AF6B37400A914CE = {
						CreatedOnToolsVersion = 15.0.1;
						TestTargetID = 4FDC7FA82AF6B37300A914CE;
					};
				};
			};
			buildConfigurationList = 4FDC7FA42AF6B37300A914CE /* Build configuration list for PBXProject "cuteWeather" */;
			compatibilityVersion = "Xcode 14.0";
			developmentRegion = en;
			hasScannedForEncodings = 0;
			knownRegions = (
				en,
				Base,
			);
			mainGroup = 4FDC7FA02AF6B37300A914CE;
			productRefGroup = 4FDC7FAA2AF6B37300A914CE /* Products */;
			projectDirPath = "";
			projectRoot = "";
			targets = (
				4FDC7FA82AF6B37300A914CE /* cuteWeather */,
				4FDC7FB82AF6B37400A914CE /* cuteWeatherTests */,
				4FDC7FC22AF6B37400A914CE /* cuteWeatherUITests */,
			);
		};
/* End PBXProject section */

/* Begin PBXResourcesBuildPhase section */
		4FDC7FA72AF6B37300A914CE /* Resources */ = {
			isa = PBXResourcesBuildPhase;
			buildActionMask = 2147483647;
			files = (
				4FDC7FB42AF6B37400A914CE /* Preview Assets.xcassets in Resources */,
				4FDC7FB12AF6B37400A914CE /* Assets.xcassets in Resources */,
			);
			runOnlyForDeploymentPostprocessing = 0;
		};
		4FDC7FB72AF6B37400A914CE /* Resources */ = {
			isa = PBXResourcesBuildPhase;
			buildActionMask = 2147483647;
			files = (
			);
			runOnlyForDeploymentPostprocessing = 0;
		};
		4FDC7FC12AF6B37400A914CE /* Resources */ = {
			isa = PBXResourcesBuildPhase;
			buildActionMask = 2147483647;
			files = (
			);
			runOnlyForDeploymentPostprocessing = 0;
		};
/* End PBXResourcesBuildPhase section */

/* Begin PBXSourcesBuildPhase section */
		4FDC7FA52AF6B37300A914CE /* Sources */ = {
			isa = PBXSourcesBuildPhase;
			buildActionMask = 2147483647;
			files = (
				4FDC7FE42AF6BABA00A914CE /* WeatherService.swift in Sources */,
				4FDC7FDB2AF6B6D300A914CE /* model-b.swift in Sources */,
				4FDC7FDD2AF6B93600A914CE /* WeatherModel.swift in Sources */,
				4FDC7FAF2AF6B37300A914CE /* ContentView.swift in Sources */,
				4FDC7FE12AF6BA3500A914CE /* ErrorModel.swift in Sources */,
				4FBE0ED32AF74F6700A7A41A /* WeatherDataManager.swift in Sources */,
				4FDC7FAD2AF6B37300A914CE /* cuteWeatherApp.swift in Sources */,
				4FDC7FD92AF6B42100A914CE /* helpers.swift in Sources */,
				4FBE0ECD2AF73F3600A7A41A /* Dates.swift in Sources */,
				4FDC7FE92AF7236300A914CE /* HandleLocation.swift in Sources */,
				4FBE0ED02AF74ECD00A7A41A /* GetIcons.swift in Sources */,
			);
			runOnlyForDeploymentPostprocessing = 0;
		};
		4FDC7FB52AF6B37400A914CE /* Sources */ = {
			isa = PBXSourcesBuildPhase;
			buildActionMask = 2147483647;
			files = (
				4FDC7FBE2AF6B37400A914CE /* cuteWeatherTests.swift in Sources */,
			);
			runOnlyForDeploymentPostprocessing = 0;
		};
		4FDC7FBF2AF6B37400A914CE /* Sources */ = {
			isa = PBXSourcesBuildPhase;
			buildActionMask = 2147483647;
			files = (
				4FDC7FCA2AF6B37400A914CE /* cuteWeatherUITestsLaunchTests.swift in Sources */,
				4FDC7FC82AF6B37400A914CE /* cuteWeatherUITests.swift in Sources */,
			);
			runOnlyForDeploymentPostprocessing = 0;
		};
/* End PBXSourcesBuildPhase section */

/* Begin PBXTargetDependency section */
		4FDC7FBB2AF6B37400A914CE /* PBXTargetDependency */ = {
			isa = PBXTargetDependency;
			target = 4FDC7FA82AF6B37300A914CE /* cuteWeather */;
			targetProxy = 4FDC7FBA2AF6B37400A914CE /* PBXContainerItemProxy */;
		};
		4FDC7FC52AF6B37400A914CE /* PBXTargetDependency */ = {
			isa = PBXTargetDependency;
			target = 4FDC7FA82AF6B37300A914CE /* cuteWeather */;
			targetProxy = 4FDC7FC42AF6B37400A914CE /* PBXContainerItemProxy */;
		};
/* End PBXTargetDependency section */

/* Begin XCBuildConfiguration section */
		4FDC7FCB2AF6B37400A914CE /* Debug */ = {
			isa = XCBuildConfiguration;
			buildSettings = {
				ALWAYS_SEARCH_USER_PATHS = NO;
				ASSETCATALOG_COMPILER_GENERATE_SWIFT_ASSET_SYMBOL_EXTENSIONS = YES;
				CLANG_ANALYZER_NONNULL = YES;
				CLANG_ANALYZER_NUMBER_OBJECT_CONVERSION = YES_AGGRESSIVE;
				CLANG_CXX_LANGUAGE_STANDARD = "gnu++20";
				CLANG_ENABLE_MODULES = YES;
				CLANG_ENABLE_OBJC_ARC = YES;
				CLANG_ENABLE_OBJC_WEAK = YES;
				CLANG_WARN_BLOCK_CAPTURE_AUTORELEASING = YES;
				CLANG_WARN_BOOL_CONVERSION = YES;
				CLANG_WARN_COMMA = YES;
				CLANG_WARN_CONSTANT_CONVERSION = YES;
				CLANG_WARN_DEPRECATED_OBJC_IMPLEMENTATIONS = YES;
				CLANG_WARN_DIRECT_OBJC_ISA_USAGE = YES_ERROR;
				CLANG_WARN_DOCUMENTATION_COMMENTS = YES;
				CLANG_WARN_EMPTY_BODY = YES;
				CLANG_WARN_ENUM_CONVERSION = YES;
				CLANG_WARN_INFINITE_RECURSION = YES;
				CLANG_WARN_INT_CONVERSION = YES;
				CLANG_WARN_NON_LITERAL_NULL_CONVERSION = YES;
				CLANG_WARN_OBJC_IMPLICIT_RETAIN_SELF = YES;
				CLANG_WARN_OBJC_LITERAL_CONVERSION = YES;
				CLANG_WARN_OBJC_ROOT_CLASS = YES_ERROR;
				CLANG_WARN_QUOTED_INCLUDE_IN_FRAMEWORK_HEADER = YES;
				CLANG_WARN_RANGE_LOOP_ANALYSIS = YES;
				CLANG_WARN_STRICT_PROTOTYPES = YES;
				CLANG_WARN_SUSPICIOUS_MOVE = YES;
				CLANG_WARN_UNGUARDED_AVAILABILITY = YES_AGGRESSIVE;
				CLANG_WARN_UNREACHABLE_CODE = YES;
				CLANG_WARN__DUPLICATE_METHOD_MATCH = YES;
				COPY_PHASE_STRIP = NO;
				DEBUG_INFORMATION_FORMAT = dwarf;
				ENABLE_STRICT_OBJC_MSGSEND = YES;
				ENABLE_TESTABILITY = YES;
				ENABLE_USER_SCRIPT_SANDBOXING = YES;
				GCC_C_LANGUAGE_STANDARD = gnu17;
				GCC_DYNAMIC_NO_PIC = NO;
				GCC_NO_COMMON_BLOCKS = YES;
				GCC_OPTIMIZATION_LEVEL = 0;
				GCC_PREPROCESSOR_DEFINITIONS = (
					"DEBUG=1",
					"$(inherited)",
				);
				GCC_WARN_64_TO_32_BIT_CONVERSION = YES;
				GCC_WARN_ABOUT_RETURN_TYPE = YES_ERROR;
				GCC_WARN_UNDECLARED_SELECTOR = YES;
				GCC_WARN_UNINITIALIZED_AUTOS = YES_AGGRESSIVE;
				GCC_WARN_UNUSED_FUNCTION = YES;
				GCC_WARN_UNUSED_VARIABLE = YES;
				IPHONEOS_DEPLOYMENT_TARGET = 16.0;
				LOCALIZATION_PREFERS_STRING_CATALOGS = YES;
				MTL_ENABLE_DEBUG_INFO = INCLUDE_SOURCE;
				MTL_FAST_MATH = YES;
				ONLY_ACTIVE_ARCH = YES;
				SDKROOT = iphoneos;
				SWIFT_ACTIVE_COMPILATION_CONDITIONS = "DEBUG $(inherited)";
				SWIFT_OPTIMIZATION_LEVEL = "-Onone";
			};
			name = Debug;
		};
		4FDC7FCC2AF6B37400A914CE /* Release */ = {
			isa = XCBuildConfiguration;
			buildSettings = {
				ALWAYS_SEARCH_USER_PATHS = NO;
				ASSETCATALOG_COMPILER_GENERATE_SWIFT_ASSET_SYMBOL_EXTENSIONS = YES;
				CLANG_ANALYZER_NONNULL = YES;
				CLANG_ANALYZER_NUMBER_OBJECT_CONVERSION = YES_AGGRESSIVE;
				CLANG_CXX_LANGUAGE_STANDARD = "gnu++20";
				CLANG_ENABLE_MODULES = YES;
				CLANG_ENABLE_OBJC_ARC = YES;
				CLANG_ENABLE_OBJC_WEAK = YES;
				CLANG_WARN_BLOCK_CAPTURE_AUTORELEASING = YES;
				CLANG_WARN_BOOL_CONVERSION = YES;
				CLANG_WARN_COMMA = YES;
				CLANG_WARN_CONSTANT_CONVERSION = YES;
				CLANG_WARN_DEPRECATED_OBJC_IMPLEMENTATIONS = YES;
				CLANG_WARN_DIRECT_OBJC_ISA_USAGE = YES_ERROR;
				CLANG_WARN_DOCUMENTATION_COMMENTS = YES;
				CLANG_WARN_EMPTY_BODY = YES;
				CLANG_WARN_ENUM_CONVERSION = YES;
				CLANG_WARN_INFINITE_RECURSION = YES;
				CLANG_WARN_INT_CONVERSION = YES;
				CLANG_WARN_NON_LITERAL_NULL_CONVERSION = YES;
				CLANG_WARN_OBJC_IMPLICIT_RETAIN_SELF = YES;
				CLANG_WARN_OBJC_LITERAL_CONVERSION = YES;
				CLANG_WARN_OBJC_ROOT_CLASS = YES_ERROR;
				CLANG_WARN_QUOTED_INCLUDE_IN_FRAMEWORK_HEADER = YES;
				CLANG_WARN_RANGE_LOOP_ANALYSIS = YES;
				CLANG_WARN_STRICT_PROTOTYPES = YES;
				CLANG_WARN_SUSPICIOUS_MOVE = YES;
				CLANG_WARN_UNGUARDED_AVAILABILITY = YES_AGGRESSIVE;
				CLANG_WARN_UNREACHABLE_CODE = YES;
				CLANG_WARN__DUPLICATE_METHOD_MATCH = YES;
				COPY_PHASE_STRIP = NO;
				DEBUG_INFORMATION_FORMAT = "dwarf-with-dsym";
				ENABLE_NS_ASSERTIONS = NO;
				ENABLE_STRICT_OBJC_MSGSEND = YES;
				ENABLE_USER_SCRIPT_SANDBOXING = YES;
				GCC_C_LANGUAGE_STANDARD = gnu17;
				GCC_NO_COMMON_BLOCKS = YES;
				GCC_WARN_64_TO_32_BIT_CONVERSION = YES;
				GCC_WARN_ABOUT_RETURN_TYPE = YES_ERROR;
				GCC_WARN_UNDECLARED_SELECTOR = YES;
				GCC_WARN_UNINITIALIZED_AUTOS = YES_AGGRESSIVE;
				GCC_WARN_UNUSED_FUNCTION = YES;
				GCC_WARN_UNUSED_VARIABLE = YES;
				IPHONEOS_DEPLOYMENT_TARGET = 16.0;
				LOCALIZATION_PREFERS_STRING_CATALOGS = YES;
				MTL_ENABLE_DEBUG_INFO = NO;
				MTL_FAST_MATH = YES;
				SDKROOT = iphoneos;
				SWIFT_COMPILATION_MODE = wholemodule;
				VALIDATE_PRODUCT = YES;
			};
			name = Release;
		};
		4FDC7FCE2AF6B37400A914CE /* Debug */ = {
			isa = XCBuildConfiguration;
			buildSettings = {
				ASSETCATALOG_COMPILER_APPICON_NAME = AppIcon;
				ASSETCATALOG_COMPILER_GLOBAL_ACCENT_COLOR_NAME = AccentColor;
				CODE_SIGN_STYLE = Automatic;
				CURRENT_PROJECT_VERSION = 1;
				DEVELOPMENT_ASSET_PATHS = "\"cuteWeather/Preview Content\"";
				DEVELOPMENT_TEAM = BKXC5G5W3L;
				ENABLE_PREVIEWS = YES;
				GENERATE_INFOPLIST_FILE = YES;
				INFOPLIST_FILE = cuteWeather/Info.plist;
				INFOPLIST_KEY_LSApplicationCategoryType = "";
				INFOPLIST_KEY_NSLocationAlwaysUsageDescription = "";
				INFOPLIST_KEY_UIApplicationSceneManifest_Generation = YES;
				INFOPLIST_KEY_UIApplicationSupportsIndirectInputEvents = YES;
				INFOPLIST_KEY_UILaunchScreen_Generation = YES;
				INFOPLIST_KEY_UISupportedInterfaceOrientations_iPad = "UIInterfaceOrientationPortrait UIInterfaceOrientationPortraitUpsideDown UIInterfaceOrientationLandscapeLeft UIInterfaceOrientationLandscapeRight";
				INFOPLIST_KEY_UISupportedInterfaceOrientations_iPhone = "UIInterfaceOrientationPortrait UIInterfaceOrientationLandscapeLeft UIInterfaceOrientationLandscapeRight";
				IPHONEOS_DEPLOYMENT_TARGET = 16.0;
				LD_RUNPATH_SEARCH_PATHS = (
					"$(inherited)",
					"@executable_path/Frameworks",
				);
				MARKETING_VERSION = 1.0;
				PRODUCT_BUNDLE_IDENTIFIER = com.willemrosenthal.cuteWeather;
				PRODUCT_NAME = "$(TARGET_NAME)";
				SWIFT_EMIT_LOC_STRINGS = YES;
				SWIFT_VERSION = 5.0;
				TARGETED_DEVICE_FAMILY = "1,2";
			};
			name = Debug;
		};
		4FDC7FCF2AF6B37400A914CE /* Release */ = {
			isa = XCBuildConfiguration;
			buildSettings = {
				ASSETCATALOG_COMPILER_APPICON_NAME = AppIcon;
				ASSETCATALOG_COMPILER_GLOBAL_ACCENT_COLOR_NAME = AccentColor;
				CODE_SIGN_STYLE = Automatic;
				CURRENT_PROJECT_VERSION = 1;
				DEVELOPMENT_ASSET_PATHS = "\"cuteWeather/Preview Content\"";
				DEVELOPMENT_TEAM = BKXC5G5W3L;
				ENABLE_PREVIEWS = YES;
				GENERATE_INFOPLIST_FILE = YES;
				INFOPLIST_FILE = cuteWeather/Info.plist;
				INFOPLIST_KEY_LSApplicationCategoryType = "";
				INFOPLIST_KEY_NSLocationAlwaysUsageDescription = "";
				INFOPLIST_KEY_UIApplicationSceneManifest_Generation = YES;
				INFOPLIST_KEY_UIApplicationSupportsIndirectInputEvents = YES;
				INFOPLIST_KEY_UILaunchScreen_Generation = YES;
				INFOPLIST_KEY_UISupportedInterfaceOrientations_iPad = "UIInterfaceOrientationPortrait UIInterfaceOrientationPortraitUpsideDown UIInterfaceOrientationLandscapeLeft UIInterfaceOrientationLandscapeRight";
				INFOPLIST_KEY_UISupportedInterfaceOrientations_iPhone = "UIInterfaceOrientationPortrait UIInterfaceOrientationLandscapeLeft UIInterfaceOrientationLandscapeRight";
				IPHONEOS_DEPLOYMENT_TARGET = 16.0;
				LD_RUNPATH_SEARCH_PATHS = (
					"$(inherited)",
					"@executable_path/Frameworks",
				);
				MARKETING_VERSION = 1.0;
				PRODUCT_BUNDLE_IDENTIFIER = com.willemrosenthal.cuteWeather;
				PRODUCT_NAME = "$(TARGET_NAME)";
				SWIFT_EMIT_LOC_STRINGS = YES;
				SWIFT_VERSION = 5.0;
				TARGETED_DEVICE_FAMILY = "1,2";
			};
			name = Release;
		};
		4FDC7FD12AF6B37400A914CE /* Debug */ = {
			isa = XCBuildConfiguration;
			buildSettings = {
				ALWAYS_EMBED_SWIFT_STANDARD_LIBRARIES = YES;
				BUNDLE_LOADER = "$(TEST_HOST)";
				CODE_SIGN_STYLE = Automatic;
				CURRENT_PROJECT_VERSION = 1;
				DEVELOPMENT_TEAM = BKXC5G5W3L;
				GENERATE_INFOPLIST_FILE = YES;
				IPHONEOS_DEPLOYMENT_TARGET = 16.0;
				MARKETING_VERSION = 1.0;
				PRODUCT_BUNDLE_IDENTIFIER = com.willemrosenthal.cuteWeatherTests;
				PRODUCT_NAME = "$(TARGET_NAME)";
				SWIFT_EMIT_LOC_STRINGS = NO;
				SWIFT_VERSION = 5.0;
				TARGETED_DEVICE_FAMILY = "1,2";
				TEST_HOST = "$(BUILT_PRODUCTS_DIR)/cuteWeather.app/$(BUNDLE_EXECUTABLE_FOLDER_PATH)/cuteWeather";
			};
			name = Debug;
		};
		4FDC7FD22AF6B37400A914CE /* Release */ = {
			isa = XCBuildConfiguration;
			buildSettings = {
				ALWAYS_EMBED_SWIFT_STANDARD_LIBRARIES = YES;
				BUNDLE_LOADER = "$(TEST_HOST)";
				CODE_SIGN_STYLE = Automatic;
				CURRENT_PROJECT_VERSION = 1;
				DEVELOPMENT_TEAM = BKXC5G5W3L;
				GENERATE_INFOPLIST_FILE = YES;
				IPHONEOS_DEPLOYMENT_TARGET = 16.0;
				MARKETING_VERSION = 1.0;
				PRODUCT_BUNDLE_IDENTIFIER = com.willemrosenthal.cuteWeatherTests;
				PRODUCT_NAME = "$(TARGET_NAME)";
				SWIFT_EMIT_LOC_STRINGS = NO;
				SWIFT_VERSION = 5.0;
				TARGETED_DEVICE_FAMILY = "1,2";
				TEST_HOST = "$(BUILT_PRODUCTS_DIR)/cuteWeather.app/$(BUNDLE_EXECUTABLE_FOLDER_PATH)/cuteWeather";
			};
			name = Release;
		};
		4FDC7FD42AF6B37400A914CE /* Debug */ = {
			isa = XCBuildConfiguration;
			buildSettings = {
				ALWAYS_EMBED_SWIFT_STANDARD_LIBRARIES = YES;
				CODE_SIGN_STYLE = Automatic;
				CURRENT_PROJECT_VERSION = 1;
				DEVELOPMENT_TEAM = BKXC5G5W3L;
				GENERATE_INFOPLIST_FILE = YES;
				IPHONEOS_DEPLOYMENT_TARGET = 16.0;
				MARKETING_VERSION = 1.0;
				PRODUCT_BUNDLE_IDENTIFIER = com.willemrosenthal.cuteWeatherUITests;
				PRODUCT_NAME = "$(TARGET_NAME)";
				SWIFT_EMIT_LOC_STRINGS = NO;
				SWIFT_VERSION = 5.0;
				TARGETED_DEVICE_FAMILY = "1,2";
				TEST_TARGET_NAME = cuteWeather;
			};
			name = Debug;
		};
		4FDC7FD52AF6B37400A914CE /* Release */ = {
			isa = XCBuildConfiguration;
			buildSettings = {
				ALWAYS_EMBED_SWIFT_STANDARD_LIBRARIES = YES;
				CODE_SIGN_STYLE = Automatic;
				CURRENT_PROJECT_VERSION = 1;
				DEVELOPMENT_TEAM = BKXC5G5W3L;
				GENERATE_INFOPLIST_FILE = YES;
				IPHONEOS_DEPLOYMENT_TARGET = 16.0;
				MARKETING_VERSION = 1.0;
				PRODUCT_BUNDLE_IDENTIFIER = com.willemrosenthal.cuteWeatherUITests;
				PRODUCT_NAME = "$(TARGET_NAME)";
				SWIFT_EMIT_LOC_STRINGS = NO;
				SWIFT_VERSION = 5.0;
				TARGETED_DEVICE_FAMILY = "1,2";
				TEST_TARGET_NAME = cuteWeather;
			};
			name = Release;
		};
/* End XCBuildConfiguration section */

/* Begin XCConfigurationList section */
		4FDC7FA42AF6B37300A914CE /* Build configuration list for PBXProject "cuteWeather" */ = {
			isa = XCConfigurationList;
			buildConfigurations = (
				4FDC7FCB2AF6B37400A914CE /* Debug */,
				4FDC7FCC2AF6B37400A914CE /* Release */,
			);
			defaultConfigurationIsVisible = 0;
			defaultConfigurationName = Release;
		};
		4FDC7FCD2AF6B37400A914CE /* Build configuration list for PBXNativeTarget "cuteWeather" */ = {
			isa = XCConfigurationList;
			buildConfigurations = (
				4FDC7FCE2AF6B37400A914CE /* Debug */,
				4FDC7FCF2AF6B37400A914CE /* Release */,
			);
			defaultConfigurationIsVisible = 0;
			defaultConfigurationName = Release;
		};
		4FDC7FD02AF6B37400A914CE /* Build configuration list for PBXNativeTarget "cuteWeatherTests" */ = {
			isa = XCConfigurationList;
			buildConfigurations = (
				4FDC7FD12AF6B37400A914CE /* Debug */,
				4FDC7FD22AF6B37400A914CE /* Release */,
			);
			defaultConfigurationIsVisible = 0;
			defaultConfigurationName = Release;
		};
		4FDC7FD32AF6B37400A914CE /* Build configuration list for PBXNativeTarget "cuteWeatherUITests" */ = {
			isa = XCConfigurationList;
			buildConfigurations = (
				4FDC7FD42AF6B37400A914CE /* Debug */,
				4FDC7FD52AF6B37400A914CE /* Release */,
			);
			defaultConfigurationIsVisible = 0;
			defaultConfigurationName = Release;
		};
/* End XCConfigurationList section */
	};
	rootObject = 4FDC7FA12AF6B37300A914CE /* Project object */;
}
